
Microsoft Visual Studio Solution File, Format Version 12.00
# Visual Studio Version 16
VisualStudioVersion = 16.0.31112.23
MinimumVisualStudioVersion = 10.0.40219.1
Project("{FAE04EC0-301F-11D3-BF4B-00C04F79EFBC}") = "ProjetWPF", "ProjetWPF\ProjetWPF.csproj", "{739901A1-FACC-4713-B918-D42010C43EAD}"
EndProject
Project("{FAE04EC0-301F-11D3-BF4B-00C04F79EFBC}") = "GstBDD", "GstBDD\GstBDD.csproj", "{50B52DD4-B52F-4F10-AA00-599727FB82EF}"
EndProject
Project("{FAE04EC0-301F-11D3-BF4B-00C04F79EFBC}") = "ClassesMetier", "ClassesMetier\ClassesMetier.csproj", "{F25F289A-F38C-4414-A586-0989267783F0}"
EndProject
Global
	GlobalSection(SolutionConfigurationPlatforms) = preSolution
		Debug|Any CPU = Debug|Any CPU
		Release|Any CPU = Release|Any CPU
	EndGlobalSection
	GlobalSection(ProjectConfigurationPlatforms) = postSolution
		{739901A1-FACC-4713-B918-D42010C43EAD}.Debug|Any CPU.ActiveCfg = Debug|Any CPU
		{739901A1-FACC-4713-B918-D42010C43EAD}.Debug|Any CPU.Build.0 = Debug|Any CPU
		{739901A1-FACC-4713-B918-D42010C43EAD}.Release|Any CPU.ActiveCfg = Release|Any CPU
		{739901A1-FACC-4713-B918-D42010C43EAD}.Release|Any CPU.Build.0 = Release|Any CPU
		{50B52DD4-B52F-4F10-AA00-599727FB82EF}.Debug|Any CPU.ActiveCfg = Debug|Any CPU
		{50B52DD4-B52F-4F10-AA00-599727FB82EF}.Debug|Any CPU.Build.0 = Debug|Any CPU
		{50B52DD4-B52F-4F10-AA00-599727FB82EF}.Release|Any CPU.ActiveCfg = Release|Any CPU
		{50B52DD4-B52F-4F10-AA00-599727FB82EF}.Release|Any CPU.Build.0 = Release|Any CPU
		{F25F289A-F38C-4414-A586-0989267783F0}.Debug|Any CPU.ActiveCfg = Debug|Any CPU
		{F25F289A-F38C-4414-A586-0989267783F0}.Debug|Any CPU.Build.0 = Debug|Any CPU
		{F25F289A-F38C-4414-A586-0989267783F0}.Release|Any CPU.ActiveCfg = Release|Any CPU
		{F25F289A-F38C-4414-A586-0989267783F0}.Release|Any CPU.Build.0 = Release|Any CPU
	EndGlobalSection
	GlobalSection(SolutionProperties) = preSolution
		HideSolutionNode = FALSE
	EndGlobalSection
	GlobalSection(ExtensibilityGlobals) = postSolution
		SolutionGuid = {E3C635B6-E2B8-4574-9926-3657A2013FAC}
	EndGlobalSection
EndGlobal
